
Microsoft Visual Studio Solution File, Format Version 12.00
# Visual Studio Version 17
VisualStudioVersion = 17.8.34330.188
MinimumVisualStudioVersion = 10.0.40219.1
Project("{FAE04EC0-301F-11D3-BF4B-00C04F79EFBC}") = "RazorPagesMovie", "RazorPagesMovie\RazorPagesMovie.csproj", "{615D491C-9AC9-4244-A2B0-B3AA7743998E}"
EndProject
Global
	GlobalSection(SolutionConfigurationPlatforms) = preSolution
		Debug|Any CPU = Debug|Any CPU
		Release|Any CPU = Release|Any CPU
	EndGlobalSection
	GlobalSection(ProjectConfigurationPlatforms) = postSolution
		{615D491C-9AC9-4244-A2B0-B3AA7743998E}.Debug|Any CPU.ActiveCfg = Debug|Any CPU
		{615D491C-9AC9-4244-A2B0-B3AA7743998E}.Debug|Any CPU.Build.0 = Debug|Any CPU
		{615D491C-9AC9-4244-A2B0-B3AA7743998E}.Release|Any CPU.ActiveCfg = Release|Any CPU
		{615D491C-9AC9-4244-A2B0-B3AA7743998E}.Release|Any CPU.Build.0 = Release|Any CPU
	EndGlobalSection
	GlobalSection(SolutionProperties) = preSolution
		HideSolutionNode = FALSE
	EndGlobalSection
	GlobalSection(ExtensibilityGlobals) = postSolution
		SolutionGuid = {E03E1BD0-FDDA-4A47-BFC9-65876001B6F8}
	EndGlobalSection
EndGlobal
